
Microsoft Visual Studio Solution File, Format Version 12.00
# Visual Studio Version 17
VisualStudioVersion = 17.5.002.0
MinimumVisualStudioVersion = 10.0.40219.1
Project("{FAE04EC0-301F-11D3-BF4B-00C04F79EFBC}") = "RichardFactsAPI", "src\RichardFactsAPI.csproj", "{6A6928DC-7F87-492F-87AE-B9F7636FB6BF}"
EndProject
Global
	GlobalSection(SolutionConfigurationPlatforms) = preSolution
		Debug|Any CPU = Debug|Any CPU
		Release|Any CPU = Release|Any CPU
	EndGlobalSection
	GlobalSection(ProjectConfigurationPlatforms) = postSolution
		{57E794DE-7CF9-406C-A5A9-43D4E9321DEC}.Debug|Any CPU.ActiveCfg = Debug|Any CPU
		{57E794DE-7CF9-406C-A5A9-43D4E9321DEC}.Debug|Any CPU.Build.0 = Debug|Any CPU
		{57E794DE-7CF9-406C-A5A9-43D4E9321DEC}.Release|Any CPU.ActiveCfg = Release|Any CPU
		{57E794DE-7CF9-406C-A5A9-43D4E9321DEC}.Release|Any CPU.Build.0 = Release|Any CPU
		{6A6928DC-7F87-492F-87AE-B9F7636FB6BF}.Debug|Any CPU.ActiveCfg = Debug|Any CPU
		{6A6928DC-7F87-492F-87AE-B9F7636FB6BF}.Debug|Any CPU.Build.0 = Debug|Any CPU
		{6A6928DC-7F87-492F-87AE-B9F7636FB6BF}.Release|Any CPU.ActiveCfg = Release|Any CPU
		{6A6928DC-7F87-492F-87AE-B9F7636FB6BF}.Release|Any CPU.Build.0 = Release|Any CPU
	EndGlobalSection
	GlobalSection(SolutionProperties) = preSolution
		HideSolutionNode = FALSE
	EndGlobalSection
	GlobalSection(ExtensibilityGlobals) = postSolution
		SolutionGuid = {B4A9911C-A7A9-4562-BB81-2D19F83730E6}
	EndGlobalSection
EndGlobal
